
Microsoft Visual Studio Solution File, Format Version 12.00
# Visual Studio Version 17
VisualStudioVersion = 17.5.002.0
MinimumVisualStudioVersion = 10.0.40219.1
Project("{9A19103F-16F7-4668-BE54-9A1E7A4F7556}") = "API", "API\API.csproj", "{5B9CFB09-95A0-4456-85FA-45ECC12F32EF}"
EndProject
Project("{2150E333-8FDC-42A3-9474-1A3956D46DE8}") = "Solution Items", "Solution Items", "{1CC770DC-6E88-43CA-98A2-0EC78CA19946}"
	ProjectSection(SolutionItems) = preProject
		ReadMe.txt = ReadMe.txt
	EndProjectSection
EndProject
Global
	GlobalSection(SolutionConfigurationPlatforms) = preSolution
		Debug|Any CPU = Debug|Any CPU
		Release|Any CPU = Release|Any CPU
	EndGlobalSection
	GlobalSection(ProjectConfigurationPlatforms) = postSolution
		{5B9CFB09-95A0-4456-85FA-45ECC12F32EF}.Debug|Any CPU.ActiveCfg = Debug|Any CPU
		{5B9CFB09-95A0-4456-85FA-45ECC12F32EF}.Debug|Any CPU.Build.0 = Debug|Any CPU
		{5B9CFB09-95A0-4456-85FA-45ECC12F32EF}.Release|Any CPU.ActiveCfg = Release|Any CPU
		{5B9CFB09-95A0-4456-85FA-45ECC12F32EF}.Release|Any CPU.Build.0 = Release|Any CPU
	EndGlobalSection
	GlobalSection(SolutionProperties) = preSolution
		HideSolutionNode = FALSE
	EndGlobalSection
	GlobalSection(ExtensibilityGlobals) = postSolution
		SolutionGuid = {B1893B59-5C2B-4505-BA11-410EDBD496FF}
	EndGlobalSection
EndGlobal
